<?xml version="1.0" encoding="utf-8"?>
<Project ToolsVersion="4.0" xmlns="http://schemas.microsoft.com/developer/msbuild/2003">
  <ItemGroup>
    <Filter Include="Source Files">
      <UniqueIdentifier>{4FC737F1-C7A5-4376-A066-2A32D752A2FF}</UniqueIdentifier>
      <Extensions>cpp;c;cc;cxx;def;odl;idl;hpj;bat;asm;asmx</Extensions>
    </Filter>
    <Filter Include="Header Files">
      <UniqueIdentifier>{93995380-89BD-4b04-88EB-625FBE52EBFB}</UniqueIdentifier>
      <Extensions>h;hh;hpp;hxx;hm;inl;inc;xsd</Extensions>
    </Filter>
    <Filter Include="Resource Files">
      <UniqueIdentifier>{67DA6AB6-F800-4c08-8B7A-83BB121AAD01}</UniqueIdentifier>
      <Extensions>rc;ico;cur;bmp;dlg;rc2;rct;bin;rgs;gif;jpg;jpeg;jpe;resx;tiff;tif;png;wav;mfcribbon-ms</Extensions>
    </Filter>
    <Filter Include="Source Files\entity">
      <UniqueIdentifier>{ff69f005-ac76-4328-91d1-36ec384d444f}</UniqueIdentifier>
    </Filter>
    <Filter Include="Source Files\component">
      <UniqueIdentifier>{69c1e7cd-b480-443e-a985-82942dedb71d}</UniqueIdentifier>
    </Filter>
    <Filter Include="Header Files\entity">
      <UniqueIdentifier>{6ef48d05-c2d4-4141-aaac-520715ad1d53}</UniqueIdentifier>
    </Filter>
    <Filter Include="Header Files\component">
      <UniqueIdentifier>{0f720ab6-74a9-46ef-ac9c-ef445ee2bb80}</UniqueIdentifier>
    </Filter>
    <Filter Include="Source Files\controller">
      <UniqueIdentifier>{0f41a321-dc34-4e68-a119-adb41d6f7582}</UniqueIdentifier>
    </Filter>
    <Filter Include="Header Files\controller">
      <UniqueIdentifier>{2f6df712-39c6-4ad5-bb7b-a84b782ed6d6}</UniqueIdentifier>
    </Filter>
    <Filter Include="Header Files\screens">
      <UniqueIdentifier>{4a07e947-5db6-41e2-b3c5-9bd23e098052}</UniqueIdentifier>
    </Filter>
    <Filter Include="Source Files\screens">
      <UniqueIdentifier>{deeeeadc-f863-4c6f-9677-6fe7fd350695}</UniqueIdentifier>
    </Filter>
    <Filter Include="Source Files\util">
      <UniqueIdentifier>{02297dcb-8cf5-4eac-9afe-b2a427618160}</UniqueIdentifier>
    </Filter>
    <Filter Include="Header Files\util">
      <UniqueIdentifier>{2ada5a49-9ae3-4ee7-964b-81f57cbbbb61}</UniqueIdentifier>
    </Filter>
    <Filter Include="Header Files\tiled">
      <UniqueIdentifier>{db551408-4f3a-4a83-92e9-1374aedfae59}</UniqueIdentifier>
    </Filter>
    <Filter Include="Source Files\tiled">
      <UniqueIdentifier>{823a7137-d6d0-4b0d-9a06-47a14b46bcf3}</UniqueIdentifier>
    </Filter>
  </ItemGroup>
  <ItemGroup>
    <ClCompile Include="main.cpp">
      <Filter>Source Files</Filter>
    </ClCompile>
    <ClCompile Include="entity\Entity.cpp">
      <Filter>Source Files\entity</Filter>
    </ClCompile>
    <ClCompile Include="entity\BackGround.cpp">
      <Filter>Source Files\entity</Filter>
    </ClCompile>
    <ClCompile Include="entity\Map.cpp">
      <Filter>Source Files\entity</Filter>
    </ClCompile>
    <ClCompile Include="entity\MapTile.cpp">
      <Filter>Source Files\entity</Filter>
    </ClCompile>
    <ClCompile Include="entity\Player.cpp">
      <Filter>Source Files\entity</Filter>
    </ClCompile>
    <ClCompile Include="component\Component.cpp">
      <Filter>Source Files\component</Filter>
    </ClCompile>
    <ClCompile Include="component\InputComponent.cpp">
      <Filter>Source Files\component</Filter>
    </ClCompile>
    <ClCompile Include="component\SpriteComponent.cpp">
      <Filter>Source Files\component</Filter>
    </ClCompile>
    <ClCompile Include="component\Transform.cpp">
      <Filter>Source Files\component</Filter>
    </ClCompile>
    <ClCompile Include="component\PhysicsComponent.cpp">
      <Filter>Source Files\component</Filter>
    </ClCompile>
    <ClCompile Include="entity\Wall.cpp">
      <Filter>Source Files\entity</Filter>
    </ClCompile>
    <ClCompile Include="controller\MouseController.cpp">
      <Filter>Source Files\controller</Filter>
    </ClCompile>
    <ClCompile Include="component\ShipBody.cpp">
      <Filter>Source Files\component</Filter>
    </ClCompile>
    <ClCompile Include="controller\CameraController.cpp">
      <Filter>Source Files\controller</Filter>
    </ClCompile>
    <ClCompile Include="controller\PhysicsController.cpp">
      <Filter>Source Files\controller</Filter>
    </ClCompile>
    <ClCompile Include="component\AnimatedSprite.cpp">
      <Filter>Source Files\component</Filter>
    </ClCompile>
    <ClCompile Include="screens\GameScreen.cpp">
      <Filter>Source Files\screens</Filter>
    </ClCompile>
    <ClCompile Include="screens\Screen.cpp">
      <Filter>Source Files\screens</Filter>
    </ClCompile>
    <ClCompile Include="tiled\TiledMap.cpp">
      <Filter>Source Files\tiled</Filter>
    </ClCompile>
    <ClCompile Include="tiled\TiledMapLayer.cpp">
      <Filter>Source Files\tiled</Filter>
    </ClCompile>
    <ClCompile Include="tiled\TiledMapRenderer.cpp">
      <Filter>Source Files\tiled</Filter>
    </ClCompile>
    <ClCompile Include="tiled\TiledMapTile.cpp">
      <Filter>Source Files\tiled</Filter>
    </ClCompile>
    <ClCompile Include="tiled\TileSet.cpp">
      <Filter>Source Files\tiled</Filter>
    </ClCompile>
    <ClCompile Include="tiled\TileSetTile.cpp">
      <Filter>Source Files\tiled</Filter>
    </ClCompile>
    <ClCompile Include="util\GameEngine.cpp">
      <Filter>Source Files\util</Filter>
    </ClCompile>
    <ClCompile Include="util\tinyxml2.cpp">
      <Filter>Source Files\util</Filter>
    </ClCompile>
    <ClCompile Include="util\Vector2D.cpp">
      <Filter>Source Files\util</Filter>
    </ClCompile>
  </ItemGroup>
  <ItemGroup>
    <ClInclude Include="component\Component.h">
      <Filter>Header Files\component</Filter>
    </ClInclude>
    <ClInclude Include="component\InputComponent.h">
      <Filter>Header Files\component</Filter>
    </ClInclude>
    <ClInclude Include="component\SpriteComponent.h">
      <Filter>Header Files\component</Filter>
    </ClInclude>
    <ClInclude Include="component\Transform.h">
      <Filter>Header Files\component</Filter>
    </ClInclude>
    <ClInclude Include="entity\BackGround.h">
      <Filter>Header Files\entity</Filter>
    </ClInclude>
    <ClInclude Include="entity\Entity.h">
      <Filter>Header Files\entity</Filter>
    </ClInclude>
    <ClInclude Include="entity\Map.h">
      <Filter>Header Files\entity</Filter>
    </ClInclude>
    <ClInclude Include="entity\MapTile.h">
      <Filter>Header Files\entity</Filter>
    </ClInclude>
    <ClInclude Include="entity\Player.h">
      <Filter>Header Files\entity</Filter>
    </ClInclude>
    <ClInclude Include="component\PhysicsComponent.h">
      <Filter>Header Files\component</Filter>
    </ClInclude>
    <ClInclude Include="entity\Wall.h">
      <Filter>Header Files\entity</Filter>
    </ClInclude>
    <ClInclude Include="controller\MouseController.h">
      <Filter>Header Files\controller</Filter>
    </ClInclude>
    <ClInclude Include="component\ShipBody.h">
      <Filter>Header Files\component</Filter>
    </ClInclude>
    <ClInclude Include="controller\CameraController.h">
      <Filter>Header Files\controller</Filter>
    </ClInclude>
    <ClInclude Include="controller\PhysicsController.h">
      <Filter>Header Files\controller</Filter>
    </ClInclude>
    <ClInclude Include="component\AnimatedSprite.h">
      <Filter>Header Files\component</Filter>
    </ClInclude>
    <ClInclude Include="screens\GameScreen.h">
      <Filter>Header Files\screens</Filter>
    </ClInclude>
    <ClInclude Include="screens\Screen.h">
      <Filter>Header Files\screens</Filter>
    </ClInclude>
    <ClInclude Include="tiled\TiledMap.h">
      <Filter>Header Files\tiled</Filter>
    </ClInclude>
    <ClInclude Include="tiled\TiledMapLayer.h">
      <Filter>Header Files\tiled</Filter>
    </ClInclude>
    <ClInclude Include="tiled\TiledMapRenderer.h">
      <Filter>Header Files\tiled</Filter>
    </ClInclude>
    <ClInclude Include="tiled\TiledMapTile.h">
      <Filter>Header Files\tiled</Filter>
    </ClInclude>
    <ClInclude Include="tiled\TileSet.h">
      <Filter>Header Files\tiled</Filter>
    </ClInclude>
    <ClInclude Include="tiled\TileSetTile.h">
      <Filter>Header Files\tiled</Filter>
    </ClInclude>
    <ClInclude Include="util\GameEngine.h">
      <Filter>Header Files\util</Filter>
    </ClInclude>
    <ClInclude Include="util\tinyxml2.h">
      <Filter>Header Files\util</Filter>
    </ClInclude>
    <ClInclude Include="util\Vector2D.h">
      <Filter>Header Files\util</Filter>
    </ClInclude>
  </ItemGroup>
</Project>